
Microsoft Visual Studio Solution File, Format Version 12.00
# Visual Studio Version 17
VisualStudioVersion = 17.4.33110.190
MinimumVisualStudioVersion = 10.0.40219.1
Project("{FAE04EC0-301F-11D3-BF4B-00C04F79EFBC}") = "UC4_DeletePerson", "UC4_DeletePerson.csproj", "{DFF07375-65D2-40BD-855C-053E7F56121A}"
EndProject
Global
	GlobalSection(SolutionConfigurationPlatforms) = preSolution
		Debug|Any CPU = Debug|Any CPU
		Release|Any CPU = Release|Any CPU
	EndGlobalSection
	GlobalSection(ProjectConfigurationPlatforms) = postSolution
		{DFF07375-65D2-40BD-855C-053E7F56121A}.Debug|Any CPU.ActiveCfg = Debug|Any CPU
		{DFF07375-65D2-40BD-855C-053E7F56121A}.Debug|Any CPU.Build.0 = Debug|Any CPU
		{DFF07375-65D2-40BD-855C-053E7F56121A}.Release|Any CPU.ActiveCfg = Release|Any CPU
		{DFF07375-65D2-40BD-855C-053E7F56121A}.Release|Any CPU.Build.0 = Release|Any CPU
	EndGlobalSection
	GlobalSection(SolutionProperties) = preSolution
		HideSolutionNode = FALSE
	EndGlobalSection
	GlobalSection(ExtensibilityGlobals) = postSolution
		SolutionGuid = {6E509731-6491-4AD3-9E5A-7EB15CC787DB}
	EndGlobalSection
EndGlobal
