
Microsoft Visual Studio Solution File, Format Version 12.00
# Visual Studio Version 17
VisualStudioVersion = 17.4.33110.190
MinimumVisualStudioVersion = 10.0.40219.1
Project("{FAE04EC0-301F-11D3-BF4B-00C04F79EFBC}") = "UC6_RefactorAddressBook", "UC6_RefactorAddressBook.csproj", "{4B4BBDA4-BEB2-4E0A-9427-25596038D165}"
EndProject
Global
	GlobalSection(SolutionConfigurationPlatforms) = preSolution
		Debug|Any CPU = Debug|Any CPU
		Release|Any CPU = Release|Any CPU
	EndGlobalSection
	GlobalSection(ProjectConfigurationPlatforms) = postSolution
		{4B4BBDA4-BEB2-4E0A-9427-25596038D165}.Debug|Any CPU.ActiveCfg = Debug|Any CPU
		{4B4BBDA4-BEB2-4E0A-9427-25596038D165}.Debug|Any CPU.Build.0 = Debug|Any CPU
		{4B4BBDA4-BEB2-4E0A-9427-25596038D165}.Release|Any CPU.ActiveCfg = Release|Any CPU
		{4B4BBDA4-BEB2-4E0A-9427-25596038D165}.Release|Any CPU.Build.0 = Release|Any CPU
	EndGlobalSection
	GlobalSection(SolutionProperties) = preSolution
		HideSolutionNode = FALSE
	EndGlobalSection
	GlobalSection(ExtensibilityGlobals) = postSolution
		SolutionGuid = {95A65FBA-F278-4C14-874E-3A70911F9D3A}
	EndGlobalSection
EndGlobal
